{
  "name": "nats-method-ex",
  "version": "1.0.1",
  "lockfileVersion": 1,
  "requires": true,
  "dependencies": {
    "simple-json-logger": {
      "version": "1.2.0",
      "resolved": "https://registry.npmjs.org/simple-json-logger/-/simple-json-logger-1.2.0.tgz",
      "integrity": "sha512-Y6/vqnXhSHe91h59oaRrfyZxh6Hmd9iU+k89cxeLLLN8ViG81WkAsZ6/q4MyHbbIHGk5uk6+01MQJVWUenH8Bw=="
    }
  }
}
